
Microsoft Visual Studio Solution File, Format Version 11.00
# Visual Studio 2010
Project("{FAE04EC0-301F-11D3-BF4B-00C04F79EFBC}") = "UnityEngine.UI", "UnityEngine.UI.csproj", "{4E2A45CA-3818-C53E-4AF0-A284A7D68B42}"
EndProject
Project("{FAE04EC0-301F-11D3-BF4B-00C04F79EFBC}") = "UnityEngine.TestRunner", "UnityEngine.TestRunner.csproj", "{87D64022-1BBC-B307-10B5-0D98E836D661}"
EndProject
Project("{FAE04EC0-301F-11D3-BF4B-00C04F79EFBC}") = "Unity.Postprocessing.Runtime", "Unity.Postprocessing.Runtime.csproj", "{0F1951A2-0DF8-8765-2F3F-FD3FBB870BCD}"
EndProject
Project("{FAE04EC0-301F-11D3-BF4B-00C04F79EFBC}") = "Unity.RenderPipelines.Universal.Runtime", "Unity.RenderPipelines.Universal.Runtime.csproj", "{636EB69C-1FA9-E264-D881-D1B81B7DD706}"
EndProject
Project("{FAE04EC0-301F-11D3-BF4B-00C04F79EFBC}") = "Unity.2D.Animation.Triangle.Runtime", "Unity.2D.Animation.Triangle.Runtime.csproj", "{F11FBA72-6207-2186-A10C-02E8CF729649}"
EndProject
Project("{FAE04EC0-301F-11D3-BF4B-00C04F79EFBC}") = "Unity.TextMeshPro", "Unity.TextMeshPro.csproj", "{9BAB21F2-A0D2-8CFC-5EE8-602FE19B3D6B}"
EndProject
Project("{FAE04EC0-301F-11D3-BF4B-00C04F79EFBC}") = "Unity.2D.Animation.Runtime", "Unity.2D.Animation.Runtime.csproj", "{4E24F88E-4AE8-4103-AD70-17B9EDB03E99}"
EndProject
Project("{FAE04EC0-301F-11D3-BF4B-00C04F79EFBC}") = "Unity.Timeline", "Unity.Timeline.csproj", "{FB255B9C-E2D0-CBDD-102D-769DD5AD84B0}"
EndProject
Project("{FAE04EC0-301F-11D3-BF4B-00C04F79EFBC}") = "Unity.Mathematics", "Unity.Mathematics.csproj", "{735F970D-1A70-C7C3-4CBA-8B0773C32E0F}"
EndProject
Project("{FAE04EC0-301F-11D3-BF4B-00C04F79EFBC}") = "Unity.2D.SpriteShape.Runtime", "Unity.2D.SpriteShape.Runtime.csproj", "{E9787E55-3131-62EE-4828-9AF514976AA5}"
EndProject
Project("{FAE04EC0-301F-11D3-BF4B-00C04F79EFBC}") = "Unity.RenderPipelines.Core.Runtime", "Unity.RenderPipelines.Core.Runtime.csproj", "{B1272E81-DDB7-811E-0F38-8E0970DB54E5}"
EndProject
Project("{FAE04EC0-301F-11D3-BF4B-00C04F79EFBC}") = "Assembly-CSharp", "Assembly-CSharp.csproj", "{9A149BE8-AD30-C749-9888-9E6E4590F55C}"
EndProject
Project("{FAE04EC0-301F-11D3-BF4B-00C04F79EFBC}") = "Unity.2D.PixelPerfect", "Unity.2D.PixelPerfect.csproj", "{B7C96773-45A5-FBF8-10E2-A01E24EFED79}"
EndProject
Project("{FAE04EC0-301F-11D3-BF4B-00C04F79EFBC}") = "Unity.InternalAPIEngineBridge.001", "Unity.InternalAPIEngineBridge.001.csproj", "{D9BEABB9-0C4A-234C-B0F9-F09889D9F212}"
EndProject
Project("{FAE04EC0-301F-11D3-BF4B-00C04F79EFBC}") = "Unity.RenderPipelines.ShaderGraph.ShaderGraphLibrary", "Unity.RenderPipelines.ShaderGraph.ShaderGraphLibrary.csproj", "{F0389F4D-52EF-5CD4-AFD2-D0B45C31E7F3}"
EndProject
Project("{FAE04EC0-301F-11D3-BF4B-00C04F79EFBC}") = "Unity.RenderPipeline.Universal.ShaderLibrary", "Unity.RenderPipeline.Universal.ShaderLibrary.csproj", "{3A52BCA7-28FE-3025-4820-23A4D16AE3C7}"
EndProject
Project("{FAE04EC0-301F-11D3-BF4B-00C04F79EFBC}") = "Unity.RenderPipelines.Core.ShaderLibrary", "Unity.RenderPipelines.Core.ShaderLibrary.csproj", "{38F0048F-CC84-76E0-4938-FAD36534C346}"
EndProject
Project("{FAE04EC0-301F-11D3-BF4B-00C04F79EFBC}") = "Unity.RenderPipelines.Universal.Shaders", "Unity.RenderPipelines.Universal.Shaders.csproj", "{CD7CFB18-66D5-03AB-5455-40B585470CA9}"
EndProject
Project("{FAE04EC0-301F-11D3-BF4B-00C04F79EFBC}") = "Unity.2D.Common.Runtime", "Unity.2D.Common.Runtime.csproj", "{9B152083-C09F-30AF-62D6-B3D5B44DCFE4}"
EndProject
Project("{FAE04EC0-301F-11D3-BF4B-00C04F79EFBC}") = "Unity.ShaderGraph.Editor", "Unity.ShaderGraph.Editor.csproj", "{2810D5F2-8AEC-9171-7778-81C6D4AD68A1}"
EndProject
Project("{FAE04EC0-301F-11D3-BF4B-00C04F79EFBC}") = "Unity.TextMeshPro.Editor", "Unity.TextMeshPro.Editor.csproj", "{DE30AB85-23CB-BCCA-D0B9-8B694167B530}"
EndProject
Project("{FAE04EC0-301F-11D3-BF4B-00C04F79EFBC}") = "Unity.Timeline.Editor", "Unity.Timeline.Editor.csproj", "{36CA805E-8002-478A-D577-CE45504117B4}"
EndProject
Project("{FAE04EC0-301F-11D3-BF4B-00C04F79EFBC}") = "UnityEditor.TestRunner", "UnityEditor.TestRunner.csproj", "{43357902-ED52-5DE6-7C70-EB34DE78C010}"
EndProject
Project("{FAE04EC0-301F-11D3-BF4B-00C04F79EFBC}") = "Unity.2D.Animation.Editor", "Unity.2D.Animation.Editor.csproj", "{EE0002A4-78DF-7682-91CE-323C6DFAD988}"
EndProject
Project("{FAE04EC0-301F-11D3-BF4B-00C04F79EFBC}") = "Unity.RenderPipelines.Universal.Editor", "Unity.RenderPipelines.Universal.Editor.csproj", "{4A7B4624-5C21-8317-EDBE-FD82964EB00B}"
EndProject
Project("{FAE04EC0-301F-11D3-BF4B-00C04F79EFBC}") = "Unity.2D.Path.Editor", "Unity.2D.Path.Editor.csproj", "{9AE67A30-F427-704A-F637-A2B19290E7C1}"
EndProject
Project("{FAE04EC0-301F-11D3-BF4B-00C04F79EFBC}") = "Unity.2D.Sprite.Editor", "Unity.2D.Sprite.Editor.csproj", "{6BACECE2-309B-685B-C84F-4AE5DBA787CD}"
EndProject
Project("{FAE04EC0-301F-11D3-BF4B-00C04F79EFBC}") = "UnityEditor.UI", "UnityEditor.UI.csproj", "{8FC176D6-A1EF-061B-3258-5AA7796D19A7}"
EndProject
Project("{FAE04EC0-301F-11D3-BF4B-00C04F79EFBC}") = "Unity.Rider.Editor", "Unity.Rider.Editor.csproj", "{251C1C4A-A50D-D6C6-6B33-1080D9E2F4E8}"
EndProject
Project("{FAE04EC0-301F-11D3-BF4B-00C04F79EFBC}") = "Unity.2D.Tilemap.Editor", "Unity.2D.Tilemap.Editor.csproj", "{5BEF47FE-8D78-21BD-95CA-8512642F545D}"
EndProject
Project("{FAE04EC0-301F-11D3-BF4B-00C04F79EFBC}") = "Unity.RenderPipelines.Core.Editor", "Unity.RenderPipelines.Core.Editor.csproj", "{89C91492-6C93-4783-D8F1-8CD2018F530A}"
EndProject
Project("{FAE04EC0-301F-11D3-BF4B-00C04F79EFBC}") = "Unity.2D.SpriteShape.Editor", "Unity.2D.SpriteShape.Editor.csproj", "{8F1FD2CC-88AC-A583-A6EB-67766D57645E}"
EndProject
Project("{FAE04EC0-301F-11D3-BF4B-00C04F79EFBC}") = "PsdPlugin", "PsdPlugin.csproj", "{4C68A5B5-080A-2B1F-1DF9-64F051239C5C}"
EndProject
Project("{FAE04EC0-301F-11D3-BF4B-00C04F79EFBC}") = "Unity.Postprocessing.Editor", "Unity.Postprocessing.Editor.csproj", "{96A2DFE5-726F-1A73-7801-4AA98C1CFB2D}"
EndProject
Project("{FAE04EC0-301F-11D3-BF4B-00C04F79EFBC}") = "Unity.CollabProxy.Editor", "Unity.CollabProxy.Editor.csproj", "{B115B3A0-8FF9-EAE4-B6F9-AAE794482F4F}"
EndProject
Project("{FAE04EC0-301F-11D3-BF4B-00C04F79EFBC}") = "Unity.2D.Common.Editor", "Unity.2D.Common.Editor.csproj", "{28C86B53-4C06-6E4D-4F49-6DD4A86EFFF7}"
EndProject
Project("{FAE04EC0-301F-11D3-BF4B-00C04F79EFBC}") = "Unity.VSCode.Editor", "Unity.VSCode.Editor.csproj", "{A240C7A0-C09D-6BA2-3D0D-70C5165BB070}"
EndProject
Project("{FAE04EC0-301F-11D3-BF4B-00C04F79EFBC}") = "Unity.2D.Psdimporter.Editor", "Unity.2D.Psdimporter.Editor.csproj", "{883E6CE8-A951-90DF-3B46-A026B6FA7ECB}"
EndProject
Project("{FAE04EC0-301F-11D3-BF4B-00C04F79EFBC}") = "Unity.2D.PixelPerfect.Editor", "Unity.2D.PixelPerfect.Editor.csproj", "{01224343-5D85-7E71-47EF-9CFEB071F730}"
EndProject
Project("{FAE04EC0-301F-11D3-BF4B-00C04F79EFBC}") = "Unity.ShaderGraph.Utilities", "Unity.ShaderGraph.Utilities.csproj", "{4290866B-26AE-3357-FACB-B40409037CCC}"
EndProject
Project("{FAE04EC0-301F-11D3-BF4B-00C04F79EFBC}") = "Unity.Mathematics.Editor", "Unity.Mathematics.Editor.csproj", "{4950030D-36F9-C76A-5B48-5BD4BEE03994}"
EndProject
Project("{FAE04EC0-301F-11D3-BF4B-00C04F79EFBC}") = "Unity.InternalAPIEditorBridge.001", "Unity.InternalAPIEditorBridge.001.csproj", "{215670F1-DB81-54A5-70DE-889580453BE8}"
EndProject
Global
	GlobalSection(SolutionConfigurationPlatforms) = preSolution
		Debug|Any CPU = Debug|Any CPU
		Release|Any CPU = Release|Any CPU
	EndGlobalSection
	GlobalSection(ProjectConfigurationPlatforms) = postSolution
		{4E2A45CA-3818-C53E-4AF0-A284A7D68B42}.Debug|Any CPU.ActiveCfg = Debug|Any CPU
		{4E2A45CA-3818-C53E-4AF0-A284A7D68B42}.Debug|Any CPU.Build.0 = Debug|Any CPU
		{4E2A45CA-3818-C53E-4AF0-A284A7D68B42}.Release|Any CPU.ActiveCfg = Release|Any CPU
		{4E2A45CA-3818-C53E-4AF0-A284A7D68B42}.Release|Any CPU.Build.0 = Release|Any CPU
		{87D64022-1BBC-B307-10B5-0D98E836D661}.Debug|Any CPU.ActiveCfg = Debug|Any CPU
		{87D64022-1BBC-B307-10B5-0D98E836D661}.Debug|Any CPU.Build.0 = Debug|Any CPU
		{87D64022-1BBC-B307-10B5-0D98E836D661}.Release|Any CPU.ActiveCfg = Release|Any CPU
		{87D64022-1BBC-B307-10B5-0D98E836D661}.Release|Any CPU.Build.0 = Release|Any CPU
		{0F1951A2-0DF8-8765-2F3F-FD3FBB870BCD}.Debug|Any CPU.ActiveCfg = Debug|Any CPU
		{0F1951A2-0DF8-8765-2F3F-FD3FBB870BCD}.Debug|Any CPU.Build.0 = Debug|Any CPU
		{0F1951A2-0DF8-8765-2F3F-FD3FBB870BCD}.Release|Any CPU.ActiveCfg = Release|Any CPU
		{0F1951A2-0DF8-8765-2F3F-FD3FBB870BCD}.Release|Any CPU.Build.0 = Release|Any CPU
		{636EB69C-1FA9-E264-D881-D1B81B7DD706}.Debug|Any CPU.ActiveCfg = Debug|Any CPU
		{636EB69C-1FA9-E264-D881-D1B81B7DD706}.Debug|Any CPU.Build.0 = Debug|Any CPU
		{636EB69C-1FA9-E264-D881-D1B81B7DD706}.Release|Any CPU.ActiveCfg = Release|Any CPU
		{636EB69C-1FA9-E264-D881-D1B81B7DD706}.Release|Any CPU.Build.0 = Release|Any CPU
		{F11FBA72-6207-2186-A10C-02E8CF729649}.Debug|Any CPU.ActiveCfg = Debug|Any CPU
		{F11FBA72-6207-2186-A10C-02E8CF729649}.Debug|Any CPU.Build.0 = Debug|Any CPU
		{F11FBA72-6207-2186-A10C-02E8CF729649}.Release|Any CPU.ActiveCfg = Release|Any CPU
		{F11FBA72-6207-2186-A10C-02E8CF729649}.Release|Any CPU.Build.0 = Release|Any CPU
		{9BAB21F2-A0D2-8CFC-5EE8-602FE19B3D6B}.Debug|Any CPU.ActiveCfg = Debug|Any CPU
		{9BAB21F2-A0D2-8CFC-5EE8-602FE19B3D6B}.Debug|Any CPU.Build.0 = Debug|Any CPU
		{9BAB21F2-A0D2-8CFC-5EE8-602FE19B3D6B}.Release|Any CPU.ActiveCfg = Release|Any CPU
		{9BAB21F2-A0D2-8CFC-5EE8-602FE19B3D6B}.Release|Any CPU.Build.0 = Release|Any CPU
		{4E24F88E-4AE8-4103-AD70-17B9EDB03E99}.Debug|Any CPU.ActiveCfg = Debug|Any CPU
		{4E24F88E-4AE8-4103-AD70-17B9EDB03E99}.Debug|Any CPU.Build.0 = Debug|Any CPU
		{4E24F88E-4AE8-4103-AD70-17B9EDB03E99}.Release|Any CPU.ActiveCfg = Release|Any CPU
		{4E24F88E-4AE8-4103-AD70-17B9EDB03E99}.Release|Any CPU.Build.0 = Release|Any CPU
		{FB255B9C-E2D0-CBDD-102D-769DD5AD84B0}.Debug|Any CPU.ActiveCfg = Debug|Any CPU
		{FB255B9C-E2D0-CBDD-102D-769DD5AD84B0}.Debug|Any CPU.Build.0 = Debug|Any CPU
		{FB255B9C-E2D0-CBDD-102D-769DD5AD84B0}.Release|Any CPU.ActiveCfg = Release|Any CPU
		{FB255B9C-E2D0-CBDD-102D-769DD5AD84B0}.Release|Any CPU.Build.0 = Release|Any CPU
		{735F970D-1A70-C7C3-4CBA-8B0773C32E0F}.Debug|Any CPU.ActiveCfg = Debug|Any CPU
		{735F970D-1A70-C7C3-4CBA-8B0773C32E0F}.Debug|Any CPU.Build.0 = Debug|Any CPU
		{735F970D-1A70-C7C3-4CBA-8B0773C32E0F}.Release|Any CPU.ActiveCfg = Release|Any CPU
		{735F970D-1A70-C7C3-4CBA-8B0773C32E0F}.Release|Any CPU.Build.0 = Release|Any CPU
		{E9787E55-3131-62EE-4828-9AF514976AA5}.Debug|Any CPU.ActiveCfg = Debug|Any CPU
		{E9787E55-3131-62EE-4828-9AF514976AA5}.Debug|Any CPU.Build.0 = Debug|Any CPU
		{E9787E55-3131-62EE-4828-9AF514976AA5}.Release|Any CPU.ActiveCfg = Release|Any CPU
		{E9787E55-3131-62EE-4828-9AF514976AA5}.Release|Any CPU.Build.0 = Release|Any CPU
		{B1272E81-DDB7-811E-0F38-8E0970DB54E5}.Debug|Any CPU.ActiveCfg = Debug|Any CPU
		{B1272E81-DDB7-811E-0F38-8E0970DB54E5}.Debug|Any CPU.Build.0 = Debug|Any CPU
		{B1272E81-DDB7-811E-0F38-8E0970DB54E5}.Release|Any CPU.ActiveCfg = Release|Any CPU
		{B1272E81-DDB7-811E-0F38-8E0970DB54E5}.Release|Any CPU.Build.0 = Release|Any CPU
		{9A149BE8-AD30-C749-9888-9E6E4590F55C}.Debug|Any CPU.ActiveCfg = Debug|Any CPU
		{9A149BE8-AD30-C749-9888-9E6E4590F55C}.Debug|Any CPU.Build.0 = Debug|Any CPU
		{9A149BE8-AD30-C749-9888-9E6E4590F55C}.Release|Any CPU.ActiveCfg = Release|Any CPU
		{9A149BE8-AD30-C749-9888-9E6E4590F55C}.Release|Any CPU.Build.0 = Release|Any CPU
		{B7C96773-45A5-FBF8-10E2-A01E24EFED79}.Debug|Any CPU.ActiveCfg = Debug|Any CPU
		{B7C96773-45A5-FBF8-10E2-A01E24EFED79}.Debug|Any CPU.Build.0 = Debug|Any CPU
		{B7C96773-45A5-FBF8-10E2-A01E24EFED79}.Release|Any CPU.ActiveCfg = Release|Any CPU
		{B7C96773-45A5-FBF8-10E2-A01E24EFED79}.Release|Any CPU.Build.0 = Release|Any CPU
		{D9BEABB9-0C4A-234C-B0F9-F09889D9F212}.Debug|Any CPU.ActiveCfg = Debug|Any CPU
		{D9BEABB9-0C4A-234C-B0F9-F09889D9F212}.Debug|Any CPU.Build.0 = Debug|Any CPU
		{D9BEABB9-0C4A-234C-B0F9-F09889D9F212}.Release|Any CPU.ActiveCfg = Release|Any CPU
		{D9BEABB9-0C4A-234C-B0F9-F09889D9F212}.Release|Any CPU.Build.0 = Release|Any CPU
		{F0389F4D-52EF-5CD4-AFD2-D0B45C31E7F3}.Debug|Any CPU.ActiveCfg = Debug|Any CPU
		{F0389F4D-52EF-5CD4-AFD2-D0B45C31E7F3}.Debug|Any CPU.Build.0 = Debug|Any CPU
		{F0389F4D-52EF-5CD4-AFD2-D0B45C31E7F3}.Release|Any CPU.ActiveCfg = Release|Any CPU
		{F0389F4D-52EF-5CD4-AFD2-D0B45C31E7F3}.Release|Any CPU.Build.0 = Release|Any CPU
		{3A52BCA7-28FE-3025-4820-23A4D16AE3C7}.Debug|Any CPU.ActiveCfg = Debug|Any CPU
		{3A52BCA7-28FE-3025-4820-23A4D16AE3C7}.Debug|Any CPU.Build.0 = Debug|Any CPU
		{3A52BCA7-28FE-3025-4820-23A4D16AE3C7}.Release|Any CPU.ActiveCfg = Release|Any CPU
		{3A52BCA7-28FE-3025-4820-23A4D16AE3C7}.Release|Any CPU.Build.0 = Release|Any CPU
		{38F0048F-CC84-76E0-4938-FAD36534C346}.Debug|Any CPU.ActiveCfg = Debug|Any CPU
		{38F0048F-CC84-76E0-4938-FAD36534C346}.Debug|Any CPU.Build.0 = Debug|Any CPU
		{38F0048F-CC84-76E0-4938-FAD36534C346}.Release|Any CPU.ActiveCfg = Release|Any CPU
		{38F0048F-CC84-76E0-4938-FAD36534C346}.Release|Any CPU.Build.0 = Release|Any CPU
		{CD7CFB18-66D5-03AB-5455-40B585470CA9}.Debug|Any CPU.ActiveCfg = Debug|Any CPU
		{CD7CFB18-66D5-03AB-5455-40B585470CA9}.Debug|Any CPU.Build.0 = Debug|Any CPU
		{CD7CFB18-66D5-03AB-5455-40B585470CA9}.Release|Any CPU.ActiveCfg = Release|Any CPU
		{CD7CFB18-66D5-03AB-5455-40B585470CA9}.Release|Any CPU.Build.0 = Release|Any CPU
		{9B152083-C09F-30AF-62D6-B3D5B44DCFE4}.Debug|Any CPU.ActiveCfg = Debug|Any CPU
		{9B152083-C09F-30AF-62D6-B3D5B44DCFE4}.Debug|Any CPU.Build.0 = Debug|Any CPU
		{9B152083-C09F-30AF-62D6-B3D5B44DCFE4}.Release|Any CPU.ActiveCfg = Release|Any CPU
		{9B152083-C09F-30AF-62D6-B3D5B44DCFE4}.Release|Any CPU.Build.0 = Release|Any CPU
		{2810D5F2-8AEC-9171-7778-81C6D4AD68A1}.Debug|Any CPU.ActiveCfg = Debug|Any CPU
		{2810D5F2-8AEC-9171-7778-81C6D4AD68A1}.Debug|Any CPU.Build.0 = Debug|Any CPU
		{2810D5F2-8AEC-9171-7778-81C6D4AD68A1}.Release|Any CPU.ActiveCfg = Release|Any CPU
		{2810D5F2-8AEC-9171-7778-81C6D4AD68A1}.Release|Any CPU.Build.0 = Release|Any CPU
		{DE30AB85-23CB-BCCA-D0B9-8B694167B530}.Debug|Any CPU.ActiveCfg = Debug|Any CPU
		{DE30AB85-23CB-BCCA-D0B9-8B694167B530}.Debug|Any CPU.Build.0 = Debug|Any CPU
		{DE30AB85-23CB-BCCA-D0B9-8B694167B530}.Release|Any CPU.ActiveCfg = Release|Any CPU
		{DE30AB85-23CB-BCCA-D0B9-8B694167B530}.Release|Any CPU.Build.0 = Release|Any CPU
		{36CA805E-8002-478A-D577-CE45504117B4}.Debug|Any CPU.ActiveCfg = Debug|Any CPU
		{36CA805E-8002-478A-D577-CE45504117B4}.Debug|Any CPU.Build.0 = Debug|Any CPU
		{36CA805E-8002-478A-D577-CE45504117B4}.Release|Any CPU.ActiveCfg = Release|Any CPU
		{36CA805E-8002-478A-D577-CE45504117B4}.Release|Any CPU.Build.0 = Release|Any CPU
		{43357902-ED52-5DE6-7C70-EB34DE78C010}.Debug|Any CPU.ActiveCfg = Debug|Any CPU
		{43357902-ED52-5DE6-7C70-EB34DE78C010}.Debug|Any CPU.Build.0 = Debug|Any CPU
		{43357902-ED52-5DE6-7C70-EB34DE78C010}.Release|Any CPU.ActiveCfg = Release|Any CPU
		{43357902-ED52-5DE6-7C70-EB34DE78C010}.Release|Any CPU.Build.0 = Release|Any CPU
		{EE0002A4-78DF-7682-91CE-323C6DFAD988}.Debug|Any CPU.ActiveCfg = Debug|Any CPU
		{EE0002A4-78DF-7682-91CE-323C6DFAD988}.Debug|Any CPU.Build.0 = Debug|Any CPU
		{EE0002A4-78DF-7682-91CE-323C6DFAD988}.Release|Any CPU.ActiveCfg = Release|Any CPU
		{EE0002A4-78DF-7682-91CE-323C6DFAD988}.Release|Any CPU.Build.0 = Release|Any CPU
		{4A7B4624-5C21-8317-EDBE-FD82964EB00B}.Debug|Any CPU.ActiveCfg = Debug|Any CPU
		{4A7B4624-5C21-8317-EDBE-FD82964EB00B}.Debug|Any CPU.Build.0 = Debug|Any CPU
		{4A7B4624-5C21-8317-EDBE-FD82964EB00B}.Release|Any CPU.ActiveCfg = Release|Any CPU
		{4A7B4624-5C21-8317-EDBE-FD82964EB00B}.Release|Any CPU.Build.0 = Release|Any CPU
		{9AE67A30-F427-704A-F637-A2B19290E7C1}.Debug|Any CPU.ActiveCfg = Debug|Any CPU
		{9AE67A30-F427-704A-F637-A2B19290E7C1}.Debug|Any CPU.Build.0 = Debug|Any CPU
		{9AE67A30-F427-704A-F637-A2B19290E7C1}.Release|Any CPU.ActiveCfg = Release|Any CPU
		{9AE67A30-F427-704A-F637-A2B19290E7C1}.Release|Any CPU.Build.0 = Release|Any CPU
		{6BACECE2-309B-685B-C84F-4AE5DBA787CD}.Debug|Any CPU.ActiveCfg = Debug|Any CPU
		{6BACECE2-309B-685B-C84F-4AE5DBA787CD}.Debug|Any CPU.Build.0 = Debug|Any CPU
		{6BACECE2-309B-685B-C84F-4AE5DBA787CD}.Release|Any CPU.ActiveCfg = Release|Any CPU
		{6BACECE2-309B-685B-C84F-4AE5DBA787CD}.Release|Any CPU.Build.0 = Release|Any CPU
		{8FC176D6-A1EF-061B-3258-5AA7796D19A7}.Debug|Any CPU.ActiveCfg = Debug|Any CPU
		{8FC176D6-A1EF-061B-3258-5AA7796D19A7}.Debug|Any CPU.Build.0 = Debug|Any CPU
		{8FC176D6-A1EF-061B-3258-5AA7796D19A7}.Release|Any CPU.ActiveCfg = Release|Any CPU
		{8FC176D6-A1EF-061B-3258-5AA7796D19A7}.Release|Any CPU.Build.0 = Release|Any CPU
		{251C1C4A-A50D-D6C6-6B33-1080D9E2F4E8}.Debug|Any CPU.ActiveCfg = Debug|Any CPU
		{251C1C4A-A50D-D6C6-6B33-1080D9E2F4E8}.Debug|Any CPU.Build.0 = Debug|Any CPU
		{251C1C4A-A50D-D6C6-6B33-1080D9E2F4E8}.Release|Any CPU.ActiveCfg = Release|Any CPU
		{251C1C4A-A50D-D6C6-6B33-1080D9E2F4E8}.Release|Any CPU.Build.0 = Release|Any CPU
		{5BEF47FE-8D78-21BD-95CA-8512642F545D}.Debug|Any CPU.ActiveCfg = Debug|Any CPU
		{5BEF47FE-8D78-21BD-95CA-8512642F545D}.Debug|Any CPU.Build.0 = Debug|Any CPU
		{5BEF47FE-8D78-21BD-95CA-8512642F545D}.Release|Any CPU.ActiveCfg = Release|Any CPU
		{5BEF47FE-8D78-21BD-95CA-8512642F545D}.Release|Any CPU.Build.0 = Release|Any CPU
		{89C91492-6C93-4783-D8F1-8CD2018F530A}.Debug|Any CPU.ActiveCfg = Debug|Any CPU
		{89C91492-6C93-4783-D8F1-8CD2018F530A}.Debug|Any CPU.Build.0 = Debug|Any CPU
		{89C91492-6C93-4783-D8F1-8CD2018F530A}.Release|Any CPU.ActiveCfg = Release|Any CPU
		{89C91492-6C93-4783-D8F1-8CD2018F530A}.Release|Any CPU.Build.0 = Release|Any CPU
		{8F1FD2CC-88AC-A583-A6EB-67766D57645E}.Debug|Any CPU.ActiveCfg = Debug|Any CPU
		{8F1FD2CC-88AC-A583-A6EB-67766D57645E}.Debug|Any CPU.Build.0 = Debug|Any CPU
		{8F1FD2CC-88AC-A583-A6EB-67766D57645E}.Release|Any CPU.ActiveCfg = Release|Any CPU
		{8F1FD2CC-88AC-A583-A6EB-67766D57645E}.Release|Any CPU.Build.0 = Release|Any CPU
		{4C68A5B5-080A-2B1F-1DF9-64F051239C5C}.Debug|Any CPU.ActiveCfg = Debug|Any CPU
		{4C68A5B5-080A-2B1F-1DF9-64F051239C5C}.Debug|Any CPU.Build.0 = Debug|Any CPU
		{4C68A5B5-080A-2B1F-1DF9-64F051239C5C}.Release|Any CPU.ActiveCfg = Release|Any CPU
		{4C68A5B5-080A-2B1F-1DF9-64F051239C5C}.Release|Any CPU.Build.0 = Release|Any CPU
		{96A2DFE5-726F-1A73-7801-4AA98C1CFB2D}.Debug|Any CPU.ActiveCfg = Debug|Any CPU
		{96A2DFE5-726F-1A73-7801-4AA98C1CFB2D}.Debug|Any CPU.Build.0 = Debug|Any CPU
		{96A2DFE5-726F-1A73-7801-4AA98C1CFB2D}.Release|Any CPU.ActiveCfg = Release|Any CPU
		{96A2DFE5-726F-1A73-7801-4AA98C1CFB2D}.Release|Any CPU.Build.0 = Release|Any CPU
		{B115B3A0-8FF9-EAE4-B6F9-AAE794482F4F}.Debug|Any CPU.ActiveCfg = Debug|Any CPU
		{B115B3A0-8FF9-EAE4-B6F9-AAE794482F4F}.Debug|Any CPU.Build.0 = Debug|Any CPU
		{B115B3A0-8FF9-EAE4-B6F9-AAE794482F4F}.Release|Any CPU.ActiveCfg = Release|Any CPU
		{B115B3A0-8FF9-EAE4-B6F9-AAE794482F4F}.Release|Any CPU.Build.0 = Release|Any CPU
		{28C86B53-4C06-6E4D-4F49-6DD4A86EFFF7}.Debug|Any CPU.ActiveCfg = Debug|Any CPU
		{28C86B53-4C06-6E4D-4F49-6DD4A86EFFF7}.Debug|Any CPU.Build.0 = Debug|Any CPU
		{28C86B53-4C06-6E4D-4F49-6DD4A86EFFF7}.Release|Any CPU.ActiveCfg = Release|Any CPU
		{28C86B53-4C06-6E4D-4F49-6DD4A86EFFF7}.Release|Any CPU.Build.0 = Release|Any CPU
		{A240C7A0-C09D-6BA2-3D0D-70C5165BB070}.Debug|Any CPU.ActiveCfg = Debug|Any CPU
		{A240C7A0-C09D-6BA2-3D0D-70C5165BB070}.Debug|Any CPU.Build.0 = Debug|Any CPU
		{A240C7A0-C09D-6BA2-3D0D-70C5165BB070}.Release|Any CPU.ActiveCfg = Release|Any CPU
		{A240C7A0-C09D-6BA2-3D0D-70C5165BB070}.Release|Any CPU.Build.0 = Release|Any CPU
		{883E6CE8-A951-90DF-3B46-A026B6FA7ECB}.Debug|Any CPU.ActiveCfg = Debug|Any CPU
		{883E6CE8-A951-90DF-3B46-A026B6FA7ECB}.Debug|Any CPU.Build.0 = Debug|Any CPU
		{883E6CE8-A951-90DF-3B46-A026B6FA7ECB}.Release|Any CPU.ActiveCfg = Release|Any CPU
		{883E6CE8-A951-90DF-3B46-A026B6FA7ECB}.Release|Any CPU.Build.0 = Release|Any CPU
		{01224343-5D85-7E71-47EF-9CFEB071F730}.Debug|Any CPU.ActiveCfg = Debug|Any CPU
		{01224343-5D85-7E71-47EF-9CFEB071F730}.Debug|Any CPU.Build.0 = Debug|Any CPU
		{01224343-5D85-7E71-47EF-9CFEB071F730}.Release|Any CPU.ActiveCfg = Release|Any CPU
		{01224343-5D85-7E71-47EF-9CFEB071F730}.Release|Any CPU.Build.0 = Release|Any CPU
		{4290866B-26AE-3357-FACB-B40409037CCC}.Debug|Any CPU.ActiveCfg = Debug|Any CPU
		{4290866B-26AE-3357-FACB-B40409037CCC}.Debug|Any CPU.Build.0 = Debug|Any CPU
		{4290866B-26AE-3357-FACB-B40409037CCC}.Release|Any CPU.ActiveCfg = Release|Any CPU
		{4290866B-26AE-3357-FACB-B40409037CCC}.Release|Any CPU.Build.0 = Release|Any CPU
		{4950030D-36F9-C76A-5B48-5BD4BEE03994}.Debug|Any CPU.ActiveCfg = Debug|Any CPU
		{4950030D-36F9-C76A-5B48-5BD4BEE03994}.Debug|Any CPU.Build.0 = Debug|Any CPU
		{4950030D-36F9-C76A-5B48-5BD4BEE03994}.Release|Any CPU.ActiveCfg = Release|Any CPU
		{4950030D-36F9-C76A-5B48-5BD4BEE03994}.Release|Any CPU.Build.0 = Release|Any CPU
		{215670F1-DB81-54A5-70DE-889580453BE8}.Debug|Any CPU.ActiveCfg = Debug|Any CPU
		{215670F1-DB81-54A5-70DE-889580453BE8}.Debug|Any CPU.Build.0 = Debug|Any CPU
		{215670F1-DB81-54A5-70DE-889580453BE8}.Release|Any CPU.ActiveCfg = Release|Any CPU
		{215670F1-DB81-54A5-70DE-889580453BE8}.Release|Any CPU.Build.0 = Release|Any CPU
	EndGlobalSection
	GlobalSection(SolutionProperties) = preSolution
		HideSolutionNode = FALSE
	EndGlobalSection
EndGlobal
